
Microsoft Visual Studio Solution File, Format Version 12.00
# Visual Studio Version 16
VisualStudioVersion = 16.0.32002.261
MinimumVisualStudioVersion = 10.0.40219.1
Project("{9A19103F-16F7-4668-BE54-9A1E7A4F7556}") = "MyProject", "MyProject\MyProject.csproj", "{CC705246-E3F4-4536-A4AA-2C96272C90D5}"
EndProject
Project("{9A19103F-16F7-4668-BE54-9A1E7A4F7556}") = "Donguler", "Donguler\Donguler.csproj", "{3FCE24F9-B9CB-479B-93B7-28C06D3B3CCB}"
EndProject
Project("{9A19103F-16F7-4668-BE54-9A1E7A4F7556}") = "ClassIntro", "ClassIntro\ClassIntro.csproj", "{5CB3F8DE-6ECE-4D7F-80E5-B596B8BA8B90}"
EndProject
Project("{9A19103F-16F7-4668-BE54-9A1E7A4F7556}") = "Mathematics", "Mathematics\Mathematics.csproj", "{841CCE22-8E6D-4F75-950F-046E35140C60}"
EndProject
Project("{9A19103F-16F7-4668-BE54-9A1E7A4F7556}") = "OOP1", "OOP1\OOP1.csproj", "{FE7ADB48-1A97-48F5-836E-4247F1DDE81A}"
EndProject
Project("{9A19103F-16F7-4668-BE54-9A1E7A4F7556}") = "Collections", "Collections\Collections.csproj", "{8CB193B3-35E1-4A4A-B644-2E6EA8C6743D}"
EndProject
Project("{9A19103F-16F7-4668-BE54-9A1E7A4F7556}") = "Genericsİntro", "Genericsİntro\Genericsİntro.csproj", "{1133BE13-BF66-4B80-A8D0-6A21BC0CF211}"
EndProject
Project("{9A19103F-16F7-4668-BE54-9A1E7A4F7556}") = "Dictionary", "Dictionary\Dictionary.csproj", "{54D1260D-8E7D-4248-89E3-2CAC0E36C18B}"
EndProject
Project("{9A19103F-16F7-4668-BE54-9A1E7A4F7556}") = "OOP2", "OOP2\OOP2.csproj", "{9B630121-D65E-4E08-9239-10978A91BB95}"
EndProject
Project("{9A19103F-16F7-4668-BE54-9A1E7A4F7556}") = "OOP3", "OOP3\OOP3.csproj", "{F20BB3D5-682B-4A1D-966C-9B44F5BDA2BF}"
EndProject
Project("{FAE04EC0-301F-11D3-BF4B-00C04F79EFBC}") = "OOP4", "OOP4\OOP4.csproj", "{14DFA2EB-76CE-4418-A01D-26789AFF37D4}"
EndProject
Global
	GlobalSection(SolutionConfigurationPlatforms) = preSolution
		Debug|Any CPU = Debug|Any CPU
		Release|Any CPU = Release|Any CPU
	EndGlobalSection
	GlobalSection(ProjectConfigurationPlatforms) = postSolution
		{CC705246-E3F4-4536-A4AA-2C96272C90D5}.Debug|Any CPU.ActiveCfg = Debug|Any CPU
		{CC705246-E3F4-4536-A4AA-2C96272C90D5}.Debug|Any CPU.Build.0 = Debug|Any CPU
		{CC705246-E3F4-4536-A4AA-2C96272C90D5}.Release|Any CPU.ActiveCfg = Release|Any CPU
		{CC705246-E3F4-4536-A4AA-2C96272C90D5}.Release|Any CPU.Build.0 = Release|Any CPU
		{3FCE24F9-B9CB-479B-93B7-28C06D3B3CCB}.Debug|Any CPU.ActiveCfg = Debug|Any CPU
		{3FCE24F9-B9CB-479B-93B7-28C06D3B3CCB}.Debug|Any CPU.Build.0 = Debug|Any CPU
		{3FCE24F9-B9CB-479B-93B7-28C06D3B3CCB}.Release|Any CPU.ActiveCfg = Release|Any CPU
		{3FCE24F9-B9CB-479B-93B7-28C06D3B3CCB}.Release|Any CPU.Build.0 = Release|Any CPU
		{5CB3F8DE-6ECE-4D7F-80E5-B596B8BA8B90}.Debug|Any CPU.ActiveCfg = Debug|Any CPU
		{5CB3F8DE-6ECE-4D7F-80E5-B596B8BA8B90}.Debug|Any CPU.Build.0 = Debug|Any CPU
		{5CB3F8DE-6ECE-4D7F-80E5-B596B8BA8B90}.Release|Any CPU.ActiveCfg = Release|Any CPU
		{5CB3F8DE-6ECE-4D7F-80E5-B596B8BA8B90}.Release|Any CPU.Build.0 = Release|Any CPU
		{841CCE22-8E6D-4F75-950F-046E35140C60}.Debug|Any CPU.ActiveCfg = Debug|Any CPU
		{841CCE22-8E6D-4F75-950F-046E35140C60}.Debug|Any CPU.Build.0 = Debug|Any CPU
		{841CCE22-8E6D-4F75-950F-046E35140C60}.Release|Any CPU.ActiveCfg = Release|Any CPU
		{841CCE22-8E6D-4F75-950F-046E35140C60}.Release|Any CPU.Build.0 = Release|Any CPU
		{FE7ADB48-1A97-48F5-836E-4247F1DDE81A}.Debug|Any CPU.ActiveCfg = Debug|Any CPU
		{FE7ADB48-1A97-48F5-836E-4247F1DDE81A}.Debug|Any CPU.Build.0 = Debug|Any CPU
		{FE7ADB48-1A97-48F5-836E-4247F1DDE81A}.Release|Any CPU.ActiveCfg = Release|Any CPU
		{FE7ADB48-1A97-48F5-836E-4247F1DDE81A}.Release|Any CPU.Build.0 = Release|Any CPU
		{8CB193B3-35E1-4A4A-B644-2E6EA8C6743D}.Debug|Any CPU.ActiveCfg = Debug|Any CPU
		{8CB193B3-35E1-4A4A-B644-2E6EA8C6743D}.Debug|Any CPU.Build.0 = Debug|Any CPU
		{8CB193B3-35E1-4A4A-B644-2E6EA8C6743D}.Release|Any CPU.ActiveCfg = Release|Any CPU
		{8CB193B3-35E1-4A4A-B644-2E6EA8C6743D}.Release|Any CPU.Build.0 = Release|Any CPU
		{1133BE13-BF66-4B80-A8D0-6A21BC0CF211}.Debug|Any CPU.ActiveCfg = Debug|Any CPU
		{1133BE13-BF66-4B80-A8D0-6A21BC0CF211}.Debug|Any CPU.Build.0 = Debug|Any CPU
		{1133BE13-BF66-4B80-A8D0-6A21BC0CF211}.Release|Any CPU.ActiveCfg = Release|Any CPU
		{1133BE13-BF66-4B80-A8D0-6A21BC0CF211}.Release|Any CPU.Build.0 = Release|Any CPU
		{54D1260D-8E7D-4248-89E3-2CAC0E36C18B}.Debug|Any CPU.ActiveCfg = Debug|Any CPU
		{54D1260D-8E7D-4248-89E3-2CAC0E36C18B}.Debug|Any CPU.Build.0 = Debug|Any CPU
		{54D1260D-8E7D-4248-89E3-2CAC0E36C18B}.Release|Any CPU.ActiveCfg = Release|Any CPU
		{54D1260D-8E7D-4248-89E3-2CAC0E36C18B}.Release|Any CPU.Build.0 = Release|Any CPU
		{9B630121-D65E-4E08-9239-10978A91BB95}.Debug|Any CPU.ActiveCfg = Debug|Any CPU
		{9B630121-D65E-4E08-9239-10978A91BB95}.Debug|Any CPU.Build.0 = Debug|Any CPU
		{9B630121-D65E-4E08-9239-10978A91BB95}.Release|Any CPU.ActiveCfg = Release|Any CPU
		{9B630121-D65E-4E08-9239-10978A91BB95}.Release|Any CPU.Build.0 = Release|Any CPU
		{F20BB3D5-682B-4A1D-966C-9B44F5BDA2BF}.Debug|Any CPU.ActiveCfg = Debug|Any CPU
		{F20BB3D5-682B-4A1D-966C-9B44F5BDA2BF}.Debug|Any CPU.Build.0 = Debug|Any CPU
		{F20BB3D5-682B-4A1D-966C-9B44F5BDA2BF}.Release|Any CPU.ActiveCfg = Release|Any CPU
		{F20BB3D5-682B-4A1D-966C-9B44F5BDA2BF}.Release|Any CPU.Build.0 = Release|Any CPU
		{14DFA2EB-76CE-4418-A01D-26789AFF37D4}.Debug|Any CPU.ActiveCfg = Debug|Any CPU
		{14DFA2EB-76CE-4418-A01D-26789AFF37D4}.Debug|Any CPU.Build.0 = Debug|Any CPU
		{14DFA2EB-76CE-4418-A01D-26789AFF37D4}.Release|Any CPU.ActiveCfg = Release|Any CPU
		{14DFA2EB-76CE-4418-A01D-26789AFF37D4}.Release|Any CPU.Build.0 = Release|Any CPU
	EndGlobalSection
	GlobalSection(SolutionProperties) = preSolution
		HideSolutionNode = FALSE
	EndGlobalSection
	GlobalSection(ExtensibilityGlobals) = postSolution
		SolutionGuid = {3E33ED58-97F0-4E72-BE76-9A7A56583A5F}
	EndGlobalSection
EndGlobal
